
Microsoft Visual Studio Solution File, Format Version 12.00
# Visual Studio 14
VisualStudioVersion = 14.0.25123.0
MinimumVisualStudioVersion = 10.0.40219.1
Project("{FAE04EC0-301F-11D3-BF4B-00C04F79EFBC}") = "01_CenturiesToMinutes", "01_CenturiesToMinutes\01_CenturiesToMinutes.csproj", "{BC4621AA-D23A-46E8-B711-6449661A88E8}"
EndProject
Project("{FAE04EC0-301F-11D3-BF4B-00C04F79EFBC}") = "02_CircleArea(Precision12)", "02_CircleArea(Precision12)\02_CircleArea(Precision12).csproj", "{CF69543C-3E76-458F-BF9D-2FA540A31665}"
EndProject
Project("{FAE04EC0-301F-11D3-BF4B-00C04F79EFBC}") = "03_ExactSumOfRealNumbers", "03_ExactSumOfRealNumbers\03_ExactSumOfRealNumbers.csproj", "{0DD3AEF0-F6D2-4A5C-8A86-B0135CDE46CD}"
EndProject
Project("{FAE04EC0-301F-11D3-BF4B-00C04F79EFBC}") = "04_Elevator", "04_Elevator\04_Elevator.csproj", "{803E7979-0795-4B16-9CE1-CB41EFF40396}"
EndProject
Project("{FAE04EC0-301F-11D3-BF4B-00C04F79EFBC}") = "05_SpecialNumbers", "05_SpecialNumbers\05_SpecialNumbers.csproj", "{50AE82BA-982F-420E-B7B7-2914F41C193C}"
EndProject
Project("{FAE04EC0-301F-11D3-BF4B-00C04F79EFBC}") = "06_TripleOfLetters", "06_TripleOfLetters\06_TripleOfLetters.csproj", "{5BE4DA38-F68D-4627-981C-7D0149C8D1FB}"
EndProject
Project("{FAE04EC0-301F-11D3-BF4B-00C04F79EFBC}") = "07_Greeting", "07_Greeting\07_Greeting.csproj", "{ECC70733-1A71-4A4F-A275-EE63FA808ACE}"
EndProject
Project("{FAE04EC0-301F-11D3-BF4B-00C04F79EFBC}") = "08_DayOfWeek", "08_DayOfWeek\08_DayOfWeek.csproj", "{6D4F47C6-25AC-4DBC-A998-7769001A0539}"
EndProject
Project("{FAE04EC0-301F-11D3-BF4B-00C04F79EFBC}") = "09_FilledSquare", "09_FilledSquare\09_FilledSquare.csproj", "{E4D19C53-ABE3-4A5B-B1D1-1B21FC717DF0}"
EndProject
Project("{FAE04EC0-301F-11D3-BF4B-00C04F79EFBC}") = "10_PracticeIntegers", "10_PracticeIntegers\10_PracticeIntegers.csproj", "{304EA55F-8E95-4922-A194-74B98497A827}"
EndProject
Project("{FAE04EC0-301F-11D3-BF4B-00C04F79EFBC}") = "11_PracticeFloatingPointNumbers", "11_PracticeFloatingPointNumbers\11_PracticeFloatingPointNumbers.csproj", "{255DFFC9-A3D1-4BA1-A4E8-36B5389C5F54}"
EndProject
Global
	GlobalSection(SolutionConfigurationPlatforms) = preSolution
		Debug|Any CPU = Debug|Any CPU
		Release|Any CPU = Release|Any CPU
	EndGlobalSection
	GlobalSection(ProjectConfigurationPlatforms) = postSolution
		{BC4621AA-D23A-46E8-B711-6449661A88E8}.Debug|Any CPU.ActiveCfg = Debug|Any CPU
		{BC4621AA-D23A-46E8-B711-6449661A88E8}.Debug|Any CPU.Build.0 = Debug|Any CPU
		{BC4621AA-D23A-46E8-B711-6449661A88E8}.Release|Any CPU.ActiveCfg = Release|Any CPU
		{BC4621AA-D23A-46E8-B711-6449661A88E8}.Release|Any CPU.Build.0 = Release|Any CPU
		{CF69543C-3E76-458F-BF9D-2FA540A31665}.Debug|Any CPU.ActiveCfg = Debug|Any CPU
		{CF69543C-3E76-458F-BF9D-2FA540A31665}.Debug|Any CPU.Build.0 = Debug|Any CPU
		{CF69543C-3E76-458F-BF9D-2FA540A31665}.Release|Any CPU.ActiveCfg = Release|Any CPU
		{CF69543C-3E76-458F-BF9D-2FA540A31665}.Release|Any CPU.Build.0 = Release|Any CPU
		{0DD3AEF0-F6D2-4A5C-8A86-B0135CDE46CD}.Debug|Any CPU.ActiveCfg = Debug|Any CPU
		{0DD3AEF0-F6D2-4A5C-8A86-B0135CDE46CD}.Debug|Any CPU.Build.0 = Debug|Any CPU
		{0DD3AEF0-F6D2-4A5C-8A86-B0135CDE46CD}.Release|Any CPU.ActiveCfg = Release|Any CPU
		{0DD3AEF0-F6D2-4A5C-8A86-B0135CDE46CD}.Release|Any CPU.Build.0 = Release|Any CPU
		{803E7979-0795-4B16-9CE1-CB41EFF40396}.Debug|Any CPU.ActiveCfg = Debug|Any CPU
		{803E7979-0795-4B16-9CE1-CB41EFF40396}.Debug|Any CPU.Build.0 = Debug|Any CPU
		{803E7979-0795-4B16-9CE1-CB41EFF40396}.Release|Any CPU.ActiveCfg = Release|Any CPU
		{803E7979-0795-4B16-9CE1-CB41EFF40396}.Release|Any CPU.Build.0 = Release|Any CPU
		{50AE82BA-982F-420E-B7B7-2914F41C193C}.Debug|Any CPU.ActiveCfg = Debug|Any CPU
		{50AE82BA-982F-420E-B7B7-2914F41C193C}.Debug|Any CPU.Build.0 = Debug|Any CPU
		{50AE82BA-982F-420E-B7B7-2914F41C193C}.Release|Any CPU.ActiveCfg = Release|Any CPU
		{50AE82BA-982F-420E-B7B7-2914F41C193C}.Release|Any CPU.Build.0 = Release|Any CPU
		{5BE4DA38-F68D-4627-981C-7D0149C8D1FB}.Debug|Any CPU.ActiveCfg = Debug|Any CPU
		{5BE4DA38-F68D-4627-981C-7D0149C8D1FB}.Debug|Any CPU.Build.0 = Debug|Any CPU
		{5BE4DA38-F68D-4627-981C-7D0149C8D1FB}.Release|Any CPU.ActiveCfg = Release|Any CPU
		{5BE4DA38-F68D-4627-981C-7D0149C8D1FB}.Release|Any CPU.Build.0 = Release|Any CPU
		{ECC70733-1A71-4A4F-A275-EE63FA808ACE}.Debug|Any CPU.ActiveCfg = Debug|Any CPU
		{ECC70733-1A71-4A4F-A275-EE63FA808ACE}.Debug|Any CPU.Build.0 = Debug|Any CPU
		{ECC70733-1A71-4A4F-A275-EE63FA808ACE}.Release|Any CPU.ActiveCfg = Release|Any CPU
		{ECC70733-1A71-4A4F-A275-EE63FA808ACE}.Release|Any CPU.Build.0 = Release|Any CPU
		{6D4F47C6-25AC-4DBC-A998-7769001A0539}.Debug|Any CPU.ActiveCfg = Debug|Any CPU
		{6D4F47C6-25AC-4DBC-A998-7769001A0539}.Debug|Any CPU.Build.0 = Debug|Any CPU
		{6D4F47C6-25AC-4DBC-A998-7769001A0539}.Release|Any CPU.ActiveCfg = Release|Any CPU
		{6D4F47C6-25AC-4DBC-A998-7769001A0539}.Release|Any CPU.Build.0 = Release|Any CPU
		{E4D19C53-ABE3-4A5B-B1D1-1B21FC717DF0}.Debug|Any CPU.ActiveCfg = Debug|Any CPU
		{E4D19C53-ABE3-4A5B-B1D1-1B21FC717DF0}.Debug|Any CPU.Build.0 = Debug|Any CPU
		{E4D19C53-ABE3-4A5B-B1D1-1B21FC717DF0}.Release|Any CPU.ActiveCfg = Release|Any CPU
		{E4D19C53-ABE3-4A5B-B1D1-1B21FC717DF0}.Release|Any CPU.Build.0 = Release|Any CPU
		{304EA55F-8E95-4922-A194-74B98497A827}.Debug|Any CPU.ActiveCfg = Debug|Any CPU
		{304EA55F-8E95-4922-A194-74B98497A827}.Debug|Any CPU.Build.0 = Debug|Any CPU
		{304EA55F-8E95-4922-A194-74B98497A827}.Release|Any CPU.ActiveCfg = Release|Any CPU
		{304EA55F-8E95-4922-A194-74B98497A827}.Release|Any CPU.Build.0 = Release|Any CPU
		{255DFFC9-A3D1-4BA1-A4E8-36B5389C5F54}.Debug|Any CPU.ActiveCfg = Debug|Any CPU
		{255DFFC9-A3D1-4BA1-A4E8-36B5389C5F54}.Debug|Any CPU.Build.0 = Debug|Any CPU
		{255DFFC9-A3D1-4BA1-A4E8-36B5389C5F54}.Release|Any CPU.ActiveCfg = Release|Any CPU
		{255DFFC9-A3D1-4BA1-A4E8-36B5389C5F54}.Release|Any CPU.Build.0 = Release|Any CPU
	EndGlobalSection
	GlobalSection(SolutionProperties) = preSolution
		HideSolutionNode = FALSE
	EndGlobalSection
EndGlobal
