
Microsoft Visual Studio Solution File, Format Version 12.00
# Visual Studio 14
VisualStudioVersion = 14.0.25123.0
MinimumVisualStudioVersion = 10.0.40219.1
Project("{FAE04EC0-301F-11D3-BF4B-00C04F79EFBC}") = "01_CenturiesToMinutes", "01_CenturiesToMinutes\01_CenturiesToMinutes.csproj", "{BC4621AA-D23A-46E8-B711-6449661A88E8}"
EndProject
Project("{FAE04EC0-301F-11D3-BF4B-00C04F79EFBC}") = "02_CircleArea(Precision12)", "02_CircleArea(Precision12)\02_CircleArea(Precision12).csproj", "{CF69543C-3E76-458F-BF9D-2FA540A31665}"
EndProject
Project("{FAE04EC0-301F-11D3-BF4B-00C04F79EFBC}") = "03_ExactSumOfRealNumbers", "03_ExactSumOfRealNumbers\03_ExactSumOfRealNumbers.csproj", "{0DD3AEF0-F6D2-4A5C-8A86-B0135CDE46CD}"
EndProject
Project("{FAE04EC0-301F-11D3-BF4B-00C04F79EFBC}") = "04_Elevator", "04_Elevator\04_Elevator.csproj", "{803E7979-0795-4B16-9CE1-CB41EFF40396}"
EndProject
Project("{FAE04EC0-301F-11D3-BF4B-00C04F79EFBC}") = "05_SpecialNumbers", "05_SpecialNumbers\05_SpecialNumbers.csproj", "{50AE82BA-982F-420E-B7B7-2914F41C193C}"
EndProject
Project("{FAE04EC0-301F-11D3-BF4B-00C04F79EFBC}") = "06_TripleOfLetters", "06_TripleOfLetters\06_TripleOfLetters.csproj", "{5BE4DA38-F68D-4627-981C-7D0149C8D1FB}"
EndProject
Project("{FAE04EC0-301F-11D3-BF4B-00C04F79EFBC}") = "07_Greeting", "07_Greeting\07_Greeting.csproj", "{ECC70733-1A71-4A4F-A275-EE63FA808ACE}"
EndProject
Project("{FAE04EC0-301F-11D3-BF4B-00C04F79EFBC}") = "08_DayOfWeek", "08_DayOfWeek\08_DayOfWeek.csproj", "{6D4F47C6-25AC-4DBC-A998-7769001A0539}"
EndProject
Project("{FAE04EC0-301F-11D3-BF4B-00C04F79EFBC}") = "09_FilledSquare", "09_FilledSquare\09_FilledSquare.csproj", "{E4D19C53-ABE3-4A5B-B1D1-1B21FC717DF0}"
EndProject
Project("{FAE04EC0-301F-11D3-BF4B-00C04F79EFBC}") = "10_PracticeIntegers", "10_PracticeIntegers\10_PracticeIntegers.csproj", "{304EA55F-8E95-4922-A194-74B98497A827}"
EndProject
Project("{FAE04EC0-301F-11D3-BF4B-00C04F79EFBC}") = "11_PracticeFloatingPointNumbers", "11_PracticeFloatingPointNumbers\11_PracticeFloatingPointNumbers.csproj", "{255DFFC9-A3D1-4BA1-A4E8-36B5389C5F54}"
EndProject
Project("{FAE04EC0-301F-11D3-BF4B-00C04F79EFBC}") = "12_PracticeCharactersAndStrings", "12_PracticeCharactersAndStrings\12_PracticeCharactersAndStrings.csproj", "{43E64F6F-CA10-40E6-85F1-1F65671F7724}"
EndProject
Project("{FAE04EC0-301F-11D3-BF4B-00C04F79EFBC}") = "13_VariableInHexFormat", "13_VariableInHexFormat\13_VariableInHexFormat.csproj", "{5CB7007D-9142-40E9-A8E9-F2D0E8464406}"
EndProject
Project("{FAE04EC0-301F-11D3-BF4B-00C04F79EFBC}") = "14_BooleanVariable", "14_BooleanVariable\14_BooleanVariable.csproj", "{3FEE8B63-C8ED-4E46-88FA-07593FA3E89D}"
EndProject
Project("{FAE04EC0-301F-11D3-BF4B-00C04F79EFBC}") = "15_StringsAndObjects", "15_StringsAndObjects\15_StringsAndObjects.csproj", "{8057B39D-15DE-4E21-B485-BD6BC94599EF}"
EndProject
Project("{FAE04EC0-301F-11D3-BF4B-00C04F79EFBC}") = "16_ExchangeVariableValues", "16_ExchangeVariableValues\16_ExchangeVariableValues.csproj", "{5055CA79-15E5-40CA-B2B5-AE5775598C2E}"
EndProject
Project("{FAE04EC0-301F-11D3-BF4B-00C04F79EFBC}") = "17_EmployeeData", "17_EmployeeData\17_EmployeeData.csproj", "{75C229D1-80D8-4496-B33D-3D1C7A390B55}"
EndProject
Project("{FAE04EC0-301F-11D3-BF4B-00C04F79EFBC}") = "18_ReversedChars", "18_ReversedChars\18_ReversedChars.csproj", "{5925160B-8BB1-4E6A-8F39-25A3F37FF9F3}"
EndProject
Project("{FAE04EC0-301F-11D3-BF4B-00C04F79EFBC}") = "19_RectangleProperties", "19_RectangleProperties\19_RectangleProperties.csproj", "{67324C25-B102-4568-8780-D4863027FE1F}"
EndProject
Project("{FAE04EC0-301F-11D3-BF4B-00C04F79EFBC}") = "20_VowelОrDigit", "20_VowelОrDigit\20_VowelОrDigit.csproj", "{52FAAA6B-DE5A-41C1-89FD-DEDFA001C569}"
EndProject
Project("{FAE04EC0-301F-11D3-BF4B-00C04F79EFBC}") = "21_PrintPartOfTheASCIITable", "21_PrintPartOfTheASCIITable\21_PrintPartOfTheASCIITable.csproj", "{1545707A-3C48-4BB8-8734-B8CB7F8465D2}"
EndProject
Project("{FAE04EC0-301F-11D3-BF4B-00C04F79EFBC}") = "22_DifferentIntegersSize", "22_DifferentIntegersSize\22_DifferentIntegersSize.csproj", "{31126893-B29B-4A7D-92F1-0EBA78025247}"
EndProject
Project("{FAE04EC0-301F-11D3-BF4B-00C04F79EFBC}") = "23_HelloName", "23_HelloName\23_HelloName.csproj", "{6E517F48-1F26-452B-91D9-4B008668F952}"
EndProject
Project("{FAE04EC0-301F-11D3-BF4B-00C04F79EFBC}") = "24_MaxMethod", "24_MaxMethod\24_MaxMethod.csproj", "{FD872AE6-A695-4A1C-BC31-238C3B54FCF6}"
EndProject
Project("{FAE04EC0-301F-11D3-BF4B-00C04F79EFBC}") = "25_EnglishNameOfTheLastDigit", "25_EnglishNameOfTheLastDigit\25_EnglishNameOfTheLastDigit.csproj", "{20FC963B-2D5B-43F7-A3ED-AD379F6C4FC6}"
EndProject
Project("{FAE04EC0-301F-11D3-BF4B-00C04F79EFBC}") = "26_NumbersInReversedOrder", "26_NumbersInReversedOrder\26_NumbersInReversedOrder.csproj", "{D4D5A0FF-93AD-40C3-B54F-06CEA3232018}"
EndProject
Global
	GlobalSection(SolutionConfigurationPlatforms) = preSolution
		Debug|Any CPU = Debug|Any CPU
		Release|Any CPU = Release|Any CPU
	EndGlobalSection
	GlobalSection(ProjectConfigurationPlatforms) = postSolution
		{BC4621AA-D23A-46E8-B711-6449661A88E8}.Debug|Any CPU.ActiveCfg = Debug|Any CPU
		{BC4621AA-D23A-46E8-B711-6449661A88E8}.Debug|Any CPU.Build.0 = Debug|Any CPU
		{BC4621AA-D23A-46E8-B711-6449661A88E8}.Release|Any CPU.ActiveCfg = Release|Any CPU
		{BC4621AA-D23A-46E8-B711-6449661A88E8}.Release|Any CPU.Build.0 = Release|Any CPU
		{CF69543C-3E76-458F-BF9D-2FA540A31665}.Debug|Any CPU.ActiveCfg = Debug|Any CPU
		{CF69543C-3E76-458F-BF9D-2FA540A31665}.Debug|Any CPU.Build.0 = Debug|Any CPU
		{CF69543C-3E76-458F-BF9D-2FA540A31665}.Release|Any CPU.ActiveCfg = Release|Any CPU
		{CF69543C-3E76-458F-BF9D-2FA540A31665}.Release|Any CPU.Build.0 = Release|Any CPU
		{0DD3AEF0-F6D2-4A5C-8A86-B0135CDE46CD}.Debug|Any CPU.ActiveCfg = Debug|Any CPU
		{0DD3AEF0-F6D2-4A5C-8A86-B0135CDE46CD}.Debug|Any CPU.Build.0 = Debug|Any CPU
		{0DD3AEF0-F6D2-4A5C-8A86-B0135CDE46CD}.Release|Any CPU.ActiveCfg = Release|Any CPU
		{0DD3AEF0-F6D2-4A5C-8A86-B0135CDE46CD}.Release|Any CPU.Build.0 = Release|Any CPU
		{803E7979-0795-4B16-9CE1-CB41EFF40396}.Debug|Any CPU.ActiveCfg = Debug|Any CPU
		{803E7979-0795-4B16-9CE1-CB41EFF40396}.Debug|Any CPU.Build.0 = Debug|Any CPU
		{803E7979-0795-4B16-9CE1-CB41EFF40396}.Release|Any CPU.ActiveCfg = Release|Any CPU
		{803E7979-0795-4B16-9CE1-CB41EFF40396}.Release|Any CPU.Build.0 = Release|Any CPU
		{50AE82BA-982F-420E-B7B7-2914F41C193C}.Debug|Any CPU.ActiveCfg = Debug|Any CPU
		{50AE82BA-982F-420E-B7B7-2914F41C193C}.Debug|Any CPU.Build.0 = Debug|Any CPU
		{50AE82BA-982F-420E-B7B7-2914F41C193C}.Release|Any CPU.ActiveCfg = Release|Any CPU
		{50AE82BA-982F-420E-B7B7-2914F41C193C}.Release|Any CPU.Build.0 = Release|Any CPU
		{5BE4DA38-F68D-4627-981C-7D0149C8D1FB}.Debug|Any CPU.ActiveCfg = Debug|Any CPU
		{5BE4DA38-F68D-4627-981C-7D0149C8D1FB}.Debug|Any CPU.Build.0 = Debug|Any CPU
		{5BE4DA38-F68D-4627-981C-7D0149C8D1FB}.Release|Any CPU.ActiveCfg = Release|Any CPU
		{5BE4DA38-F68D-4627-981C-7D0149C8D1FB}.Release|Any CPU.Build.0 = Release|Any CPU
		{ECC70733-1A71-4A4F-A275-EE63FA808ACE}.Debug|Any CPU.ActiveCfg = Debug|Any CPU
		{ECC70733-1A71-4A4F-A275-EE63FA808ACE}.Debug|Any CPU.Build.0 = Debug|Any CPU
		{ECC70733-1A71-4A4F-A275-EE63FA808ACE}.Release|Any CPU.ActiveCfg = Release|Any CPU
		{ECC70733-1A71-4A4F-A275-EE63FA808ACE}.Release|Any CPU.Build.0 = Release|Any CPU
		{6D4F47C6-25AC-4DBC-A998-7769001A0539}.Debug|Any CPU.ActiveCfg = Debug|Any CPU
		{6D4F47C6-25AC-4DBC-A998-7769001A0539}.Debug|Any CPU.Build.0 = Debug|Any CPU
		{6D4F47C6-25AC-4DBC-A998-7769001A0539}.Release|Any CPU.ActiveCfg = Release|Any CPU
		{6D4F47C6-25AC-4DBC-A998-7769001A0539}.Release|Any CPU.Build.0 = Release|Any CPU
		{E4D19C53-ABE3-4A5B-B1D1-1B21FC717DF0}.Debug|Any CPU.ActiveCfg = Debug|Any CPU
		{E4D19C53-ABE3-4A5B-B1D1-1B21FC717DF0}.Debug|Any CPU.Build.0 = Debug|Any CPU
		{E4D19C53-ABE3-4A5B-B1D1-1B21FC717DF0}.Release|Any CPU.ActiveCfg = Release|Any CPU
		{E4D19C53-ABE3-4A5B-B1D1-1B21FC717DF0}.Release|Any CPU.Build.0 = Release|Any CPU
		{304EA55F-8E95-4922-A194-74B98497A827}.Debug|Any CPU.ActiveCfg = Debug|Any CPU
		{304EA55F-8E95-4922-A194-74B98497A827}.Debug|Any CPU.Build.0 = Debug|Any CPU
		{304EA55F-8E95-4922-A194-74B98497A827}.Release|Any CPU.ActiveCfg = Release|Any CPU
		{304EA55F-8E95-4922-A194-74B98497A827}.Release|Any CPU.Build.0 = Release|Any CPU
		{255DFFC9-A3D1-4BA1-A4E8-36B5389C5F54}.Debug|Any CPU.ActiveCfg = Debug|Any CPU
		{255DFFC9-A3D1-4BA1-A4E8-36B5389C5F54}.Debug|Any CPU.Build.0 = Debug|Any CPU
		{255DFFC9-A3D1-4BA1-A4E8-36B5389C5F54}.Release|Any CPU.ActiveCfg = Release|Any CPU
		{255DFFC9-A3D1-4BA1-A4E8-36B5389C5F54}.Release|Any CPU.Build.0 = Release|Any CPU
		{43E64F6F-CA10-40E6-85F1-1F65671F7724}.Debug|Any CPU.ActiveCfg = Debug|Any CPU
		{43E64F6F-CA10-40E6-85F1-1F65671F7724}.Debug|Any CPU.Build.0 = Debug|Any CPU
		{43E64F6F-CA10-40E6-85F1-1F65671F7724}.Release|Any CPU.ActiveCfg = Release|Any CPU
		{43E64F6F-CA10-40E6-85F1-1F65671F7724}.Release|Any CPU.Build.0 = Release|Any CPU
		{5CB7007D-9142-40E9-A8E9-F2D0E8464406}.Debug|Any CPU.ActiveCfg = Debug|Any CPU
		{5CB7007D-9142-40E9-A8E9-F2D0E8464406}.Debug|Any CPU.Build.0 = Debug|Any CPU
		{5CB7007D-9142-40E9-A8E9-F2D0E8464406}.Release|Any CPU.ActiveCfg = Release|Any CPU
		{5CB7007D-9142-40E9-A8E9-F2D0E8464406}.Release|Any CPU.Build.0 = Release|Any CPU
		{3FEE8B63-C8ED-4E46-88FA-07593FA3E89D}.Debug|Any CPU.ActiveCfg = Debug|Any CPU
		{3FEE8B63-C8ED-4E46-88FA-07593FA3E89D}.Debug|Any CPU.Build.0 = Debug|Any CPU
		{3FEE8B63-C8ED-4E46-88FA-07593FA3E89D}.Release|Any CPU.ActiveCfg = Release|Any CPU
		{3FEE8B63-C8ED-4E46-88FA-07593FA3E89D}.Release|Any CPU.Build.0 = Release|Any CPU
		{8057B39D-15DE-4E21-B485-BD6BC94599EF}.Debug|Any CPU.ActiveCfg = Debug|Any CPU
		{8057B39D-15DE-4E21-B485-BD6BC94599EF}.Debug|Any CPU.Build.0 = Debug|Any CPU
		{8057B39D-15DE-4E21-B485-BD6BC94599EF}.Release|Any CPU.ActiveCfg = Release|Any CPU
		{8057B39D-15DE-4E21-B485-BD6BC94599EF}.Release|Any CPU.Build.0 = Release|Any CPU
		{5055CA79-15E5-40CA-B2B5-AE5775598C2E}.Debug|Any CPU.ActiveCfg = Debug|Any CPU
		{5055CA79-15E5-40CA-B2B5-AE5775598C2E}.Debug|Any CPU.Build.0 = Debug|Any CPU
		{5055CA79-15E5-40CA-B2B5-AE5775598C2E}.Release|Any CPU.ActiveCfg = Release|Any CPU
		{5055CA79-15E5-40CA-B2B5-AE5775598C2E}.Release|Any CPU.Build.0 = Release|Any CPU
		{75C229D1-80D8-4496-B33D-3D1C7A390B55}.Debug|Any CPU.ActiveCfg = Debug|Any CPU
		{75C229D1-80D8-4496-B33D-3D1C7A390B55}.Debug|Any CPU.Build.0 = Debug|Any CPU
		{75C229D1-80D8-4496-B33D-3D1C7A390B55}.Release|Any CPU.ActiveCfg = Release|Any CPU
		{75C229D1-80D8-4496-B33D-3D1C7A390B55}.Release|Any CPU.Build.0 = Release|Any CPU
		{5925160B-8BB1-4E6A-8F39-25A3F37FF9F3}.Debug|Any CPU.ActiveCfg = Debug|Any CPU
		{5925160B-8BB1-4E6A-8F39-25A3F37FF9F3}.Debug|Any CPU.Build.0 = Debug|Any CPU
		{5925160B-8BB1-4E6A-8F39-25A3F37FF9F3}.Release|Any CPU.ActiveCfg = Release|Any CPU
		{5925160B-8BB1-4E6A-8F39-25A3F37FF9F3}.Release|Any CPU.Build.0 = Release|Any CPU
		{67324C25-B102-4568-8780-D4863027FE1F}.Debug|Any CPU.ActiveCfg = Debug|Any CPU
		{67324C25-B102-4568-8780-D4863027FE1F}.Debug|Any CPU.Build.0 = Debug|Any CPU
		{67324C25-B102-4568-8780-D4863027FE1F}.Release|Any CPU.ActiveCfg = Release|Any CPU
		{67324C25-B102-4568-8780-D4863027FE1F}.Release|Any CPU.Build.0 = Release|Any CPU
		{52FAAA6B-DE5A-41C1-89FD-DEDFA001C569}.Debug|Any CPU.ActiveCfg = Debug|Any CPU
		{52FAAA6B-DE5A-41C1-89FD-DEDFA001C569}.Debug|Any CPU.Build.0 = Debug|Any CPU
		{52FAAA6B-DE5A-41C1-89FD-DEDFA001C569}.Release|Any CPU.ActiveCfg = Release|Any CPU
		{52FAAA6B-DE5A-41C1-89FD-DEDFA001C569}.Release|Any CPU.Build.0 = Release|Any CPU
		{1545707A-3C48-4BB8-8734-B8CB7F8465D2}.Debug|Any CPU.ActiveCfg = Debug|Any CPU
		{1545707A-3C48-4BB8-8734-B8CB7F8465D2}.Debug|Any CPU.Build.0 = Debug|Any CPU
		{1545707A-3C48-4BB8-8734-B8CB7F8465D2}.Release|Any CPU.ActiveCfg = Release|Any CPU
		{1545707A-3C48-4BB8-8734-B8CB7F8465D2}.Release|Any CPU.Build.0 = Release|Any CPU
		{31126893-B29B-4A7D-92F1-0EBA78025247}.Debug|Any CPU.ActiveCfg = Debug|Any CPU
		{31126893-B29B-4A7D-92F1-0EBA78025247}.Debug|Any CPU.Build.0 = Debug|Any CPU
		{31126893-B29B-4A7D-92F1-0EBA78025247}.Release|Any CPU.ActiveCfg = Release|Any CPU
		{31126893-B29B-4A7D-92F1-0EBA78025247}.Release|Any CPU.Build.0 = Release|Any CPU
		{6E517F48-1F26-452B-91D9-4B008668F952}.Debug|Any CPU.ActiveCfg = Debug|Any CPU
		{6E517F48-1F26-452B-91D9-4B008668F952}.Debug|Any CPU.Build.0 = Debug|Any CPU
		{6E517F48-1F26-452B-91D9-4B008668F952}.Release|Any CPU.ActiveCfg = Release|Any CPU
		{6E517F48-1F26-452B-91D9-4B008668F952}.Release|Any CPU.Build.0 = Release|Any CPU
		{FD872AE6-A695-4A1C-BC31-238C3B54FCF6}.Debug|Any CPU.ActiveCfg = Debug|Any CPU
		{FD872AE6-A695-4A1C-BC31-238C3B54FCF6}.Debug|Any CPU.Build.0 = Debug|Any CPU
		{FD872AE6-A695-4A1C-BC31-238C3B54FCF6}.Release|Any CPU.ActiveCfg = Release|Any CPU
		{FD872AE6-A695-4A1C-BC31-238C3B54FCF6}.Release|Any CPU.Build.0 = Release|Any CPU
		{20FC963B-2D5B-43F7-A3ED-AD379F6C4FC6}.Debug|Any CPU.ActiveCfg = Debug|Any CPU
		{20FC963B-2D5B-43F7-A3ED-AD379F6C4FC6}.Debug|Any CPU.Build.0 = Debug|Any CPU
		{20FC963B-2D5B-43F7-A3ED-AD379F6C4FC6}.Release|Any CPU.ActiveCfg = Release|Any CPU
		{20FC963B-2D5B-43F7-A3ED-AD379F6C4FC6}.Release|Any CPU.Build.0 = Release|Any CPU
		{D4D5A0FF-93AD-40C3-B54F-06CEA3232018}.Debug|Any CPU.ActiveCfg = Debug|Any CPU
		{D4D5A0FF-93AD-40C3-B54F-06CEA3232018}.Debug|Any CPU.Build.0 = Debug|Any CPU
		{D4D5A0FF-93AD-40C3-B54F-06CEA3232018}.Release|Any CPU.ActiveCfg = Release|Any CPU
		{D4D5A0FF-93AD-40C3-B54F-06CEA3232018}.Release|Any CPU.Build.0 = Release|Any CPU
	EndGlobalSection
	GlobalSection(SolutionProperties) = preSolution
		HideSolutionNode = FALSE
	EndGlobalSection
EndGlobal
