
Microsoft Visual Studio Solution File, Format Version 12.00
# Visual Studio 14
VisualStudioVersion = 14.0.25123.0
MinimumVisualStudioVersion = 10.0.40219.1
Project("{FAE04EC0-301F-11D3-BF4B-00C04F79EFBC}") = "01_DayОfWeek", "01_DayОfWeek\01_DayОfWeek.csproj", "{5334F200-5A28-4BBE-ADB9-B44355E9E58B}"
EndProject
Project("{FAE04EC0-301F-11D3-BF4B-00C04F79EFBC}") = "02_ReverseArrayOfIntegers", "02_ReverseArrayOfIntegers\02_ReverseArrayOfIntegers.csproj", "{672232D9-B89A-4F56-9403-6BA55D6119DE}"
EndProject
Project("{FAE04EC0-301F-11D3-BF4B-00C04F79EFBC}") = "03_SumMinMaxFirstLastAverage", "03_SumMinMaxFirstLastAverage\03_SumMinMaxFirstLastAverage.csproj", "{87B7780E-EAFD-4855-9517-2DC1CF47517D}"
EndProject
Project("{FAE04EC0-301F-11D3-BF4B-00C04F79EFBC}") = "04_LastKNumbersSumsSequence", "04_LastKNumbersSumsSequence\04_LastKNumbersSumsSequence.csproj", "{8E34E9BD-B768-4C50-AEDC-D37380706EB4}"
EndProject
Project("{FAE04EC0-301F-11D3-BF4B-00C04F79EFBC}") = "05_TripleSum", "05_TripleSum\05_TripleSum.csproj", "{4DD8C778-E8FD-4C27-A0D0-E42BF4284D8F}"
EndProject
Project("{FAE04EC0-301F-11D3-BF4B-00C04F79EFBC}") = "06_RoundingNumbersAwayFromZero", "06_RoundingNumbersAwayFromZero\06_RoundingNumbersAwayFromZero.csproj", "{9216410E-02BC-4C84-AD2E-BC1F43D6148E}"
EndProject
Project("{FAE04EC0-301F-11D3-BF4B-00C04F79EFBC}") = "07_ReverseArrayОfStrings", "07_ReverseArrayОfStrings\07_ReverseArrayОfStrings.csproj", "{501398C8-5FDD-4D6D-B1AB-B04E0C014684}"
EndProject
Project("{FAE04EC0-301F-11D3-BF4B-00C04F79EFBC}") = "08_SumArrays", "08_SumArrays\08_SumArrays.csproj", "{E6279D1A-8956-4396-8C59-C076A51EAD41}"
EndProject
Project("{FAE04EC0-301F-11D3-BF4B-00C04F79EFBC}") = "09_CondenseArrayToNumber", "09_CondenseArrayToNumber\09_CondenseArrayToNumber.csproj", "{6C3D1D89-40CE-4833-B624-C137ADE38628}"
EndProject
Project("{FAE04EC0-301F-11D3-BF4B-00C04F79EFBC}") = "10_ExtractMiddleElements", "10_ExtractMiddle1or2or3Elements\10_ExtractMiddleElements.csproj", "{CA6CF19E-ED37-4772-8413-F3EE61A9D4C2}"
EndProject
Project("{FAE04EC0-301F-11D3-BF4B-00C04F79EFBC}") = "11_LargestCommonEnd", "11_LargestCommonEnd\11_LargestCommonEnd.csproj", "{CC92ED35-2424-4C1D-97E2-5ECD16C94DB0}"
EndProject
Project("{FAE04EC0-301F-11D3-BF4B-00C04F79EFBC}") = "12_RotateAndSum", "12_RotateAndSum\12_RotateAndSum.csproj", "{0BCB5CB2-AD96-4C73-9957-51346927B06A}"
EndProject
Project("{FAE04EC0-301F-11D3-BF4B-00C04F79EFBC}") = "11.1_LargestCommonEndSecondSolution", "11.1_LargestCommonEndSecondSolution\11.1_LargestCommonEndSecondSolution.csproj", "{72D6E70A-E5C1-42DC-B739-07C16837D3B8}"
EndProject
Project("{FAE04EC0-301F-11D3-BF4B-00C04F79EFBC}") = "13_FoldAndSum", "13_FoldAndSum\13_FoldAndSum.csproj", "{50ACFC71-4A7A-42C3-A4D2-A960C591E880}"
EndProject
Project("{FAE04EC0-301F-11D3-BF4B-00C04F79EFBC}") = "14_SieveОfEratosthenes", "14_SieveОfEratosthenes\14_SieveОfEratosthenes.csproj", "{745D4798-E1FB-4D5C-9DD1-920CB2D99DB7}"
EndProject
Project("{FAE04EC0-301F-11D3-BF4B-00C04F79EFBC}") = "15_CompareCharArrays", "15_CompareCharArrays\15_CompareCharArrays.csproj", "{D29F9A8D-ED15-41FC-BEE0-243E20D0D200}"
EndProject
Global
	GlobalSection(SolutionConfigurationPlatforms) = preSolution
		Debug|Any CPU = Debug|Any CPU
		Release|Any CPU = Release|Any CPU
	EndGlobalSection
	GlobalSection(ProjectConfigurationPlatforms) = postSolution
		{5334F200-5A28-4BBE-ADB9-B44355E9E58B}.Debug|Any CPU.ActiveCfg = Debug|Any CPU
		{5334F200-5A28-4BBE-ADB9-B44355E9E58B}.Debug|Any CPU.Build.0 = Debug|Any CPU
		{5334F200-5A28-4BBE-ADB9-B44355E9E58B}.Release|Any CPU.ActiveCfg = Release|Any CPU
		{5334F200-5A28-4BBE-ADB9-B44355E9E58B}.Release|Any CPU.Build.0 = Release|Any CPU
		{672232D9-B89A-4F56-9403-6BA55D6119DE}.Debug|Any CPU.ActiveCfg = Debug|Any CPU
		{672232D9-B89A-4F56-9403-6BA55D6119DE}.Debug|Any CPU.Build.0 = Debug|Any CPU
		{672232D9-B89A-4F56-9403-6BA55D6119DE}.Release|Any CPU.ActiveCfg = Release|Any CPU
		{672232D9-B89A-4F56-9403-6BA55D6119DE}.Release|Any CPU.Build.0 = Release|Any CPU
		{87B7780E-EAFD-4855-9517-2DC1CF47517D}.Debug|Any CPU.ActiveCfg = Debug|Any CPU
		{87B7780E-EAFD-4855-9517-2DC1CF47517D}.Debug|Any CPU.Build.0 = Debug|Any CPU
		{87B7780E-EAFD-4855-9517-2DC1CF47517D}.Release|Any CPU.ActiveCfg = Release|Any CPU
		{87B7780E-EAFD-4855-9517-2DC1CF47517D}.Release|Any CPU.Build.0 = Release|Any CPU
		{8E34E9BD-B768-4C50-AEDC-D37380706EB4}.Debug|Any CPU.ActiveCfg = Debug|Any CPU
		{8E34E9BD-B768-4C50-AEDC-D37380706EB4}.Debug|Any CPU.Build.0 = Debug|Any CPU
		{8E34E9BD-B768-4C50-AEDC-D37380706EB4}.Release|Any CPU.ActiveCfg = Release|Any CPU
		{8E34E9BD-B768-4C50-AEDC-D37380706EB4}.Release|Any CPU.Build.0 = Release|Any CPU
		{4DD8C778-E8FD-4C27-A0D0-E42BF4284D8F}.Debug|Any CPU.ActiveCfg = Debug|Any CPU
		{4DD8C778-E8FD-4C27-A0D0-E42BF4284D8F}.Debug|Any CPU.Build.0 = Debug|Any CPU
		{4DD8C778-E8FD-4C27-A0D0-E42BF4284D8F}.Release|Any CPU.ActiveCfg = Release|Any CPU
		{4DD8C778-E8FD-4C27-A0D0-E42BF4284D8F}.Release|Any CPU.Build.0 = Release|Any CPU
		{9216410E-02BC-4C84-AD2E-BC1F43D6148E}.Debug|Any CPU.ActiveCfg = Debug|Any CPU
		{9216410E-02BC-4C84-AD2E-BC1F43D6148E}.Debug|Any CPU.Build.0 = Debug|Any CPU
		{9216410E-02BC-4C84-AD2E-BC1F43D6148E}.Release|Any CPU.ActiveCfg = Release|Any CPU
		{9216410E-02BC-4C84-AD2E-BC1F43D6148E}.Release|Any CPU.Build.0 = Release|Any CPU
		{501398C8-5FDD-4D6D-B1AB-B04E0C014684}.Debug|Any CPU.ActiveCfg = Debug|Any CPU
		{501398C8-5FDD-4D6D-B1AB-B04E0C014684}.Debug|Any CPU.Build.0 = Debug|Any CPU
		{501398C8-5FDD-4D6D-B1AB-B04E0C014684}.Release|Any CPU.ActiveCfg = Release|Any CPU
		{501398C8-5FDD-4D6D-B1AB-B04E0C014684}.Release|Any CPU.Build.0 = Release|Any CPU
		{E6279D1A-8956-4396-8C59-C076A51EAD41}.Debug|Any CPU.ActiveCfg = Debug|Any CPU
		{E6279D1A-8956-4396-8C59-C076A51EAD41}.Debug|Any CPU.Build.0 = Debug|Any CPU
		{E6279D1A-8956-4396-8C59-C076A51EAD41}.Release|Any CPU.ActiveCfg = Release|Any CPU
		{E6279D1A-8956-4396-8C59-C076A51EAD41}.Release|Any CPU.Build.0 = Release|Any CPU
		{6C3D1D89-40CE-4833-B624-C137ADE38628}.Debug|Any CPU.ActiveCfg = Debug|Any CPU
		{6C3D1D89-40CE-4833-B624-C137ADE38628}.Debug|Any CPU.Build.0 = Debug|Any CPU
		{6C3D1D89-40CE-4833-B624-C137ADE38628}.Release|Any CPU.ActiveCfg = Release|Any CPU
		{6C3D1D89-40CE-4833-B624-C137ADE38628}.Release|Any CPU.Build.0 = Release|Any CPU
		{CA6CF19E-ED37-4772-8413-F3EE61A9D4C2}.Debug|Any CPU.ActiveCfg = Debug|Any CPU
		{CA6CF19E-ED37-4772-8413-F3EE61A9D4C2}.Debug|Any CPU.Build.0 = Debug|Any CPU
		{CA6CF19E-ED37-4772-8413-F3EE61A9D4C2}.Release|Any CPU.ActiveCfg = Release|Any CPU
		{CA6CF19E-ED37-4772-8413-F3EE61A9D4C2}.Release|Any CPU.Build.0 = Release|Any CPU
		{CC92ED35-2424-4C1D-97E2-5ECD16C94DB0}.Debug|Any CPU.ActiveCfg = Debug|Any CPU
		{CC92ED35-2424-4C1D-97E2-5ECD16C94DB0}.Debug|Any CPU.Build.0 = Debug|Any CPU
		{CC92ED35-2424-4C1D-97E2-5ECD16C94DB0}.Release|Any CPU.ActiveCfg = Release|Any CPU
		{CC92ED35-2424-4C1D-97E2-5ECD16C94DB0}.Release|Any CPU.Build.0 = Release|Any CPU
		{0BCB5CB2-AD96-4C73-9957-51346927B06A}.Debug|Any CPU.ActiveCfg = Debug|Any CPU
		{0BCB5CB2-AD96-4C73-9957-51346927B06A}.Debug|Any CPU.Build.0 = Debug|Any CPU
		{0BCB5CB2-AD96-4C73-9957-51346927B06A}.Release|Any CPU.ActiveCfg = Release|Any CPU
		{0BCB5CB2-AD96-4C73-9957-51346927B06A}.Release|Any CPU.Build.0 = Release|Any CPU
		{72D6E70A-E5C1-42DC-B739-07C16837D3B8}.Debug|Any CPU.ActiveCfg = Debug|Any CPU
		{72D6E70A-E5C1-42DC-B739-07C16837D3B8}.Debug|Any CPU.Build.0 = Debug|Any CPU
		{72D6E70A-E5C1-42DC-B739-07C16837D3B8}.Release|Any CPU.ActiveCfg = Release|Any CPU
		{72D6E70A-E5C1-42DC-B739-07C16837D3B8}.Release|Any CPU.Build.0 = Release|Any CPU
		{50ACFC71-4A7A-42C3-A4D2-A960C591E880}.Debug|Any CPU.ActiveCfg = Debug|Any CPU
		{50ACFC71-4A7A-42C3-A4D2-A960C591E880}.Debug|Any CPU.Build.0 = Debug|Any CPU
		{50ACFC71-4A7A-42C3-A4D2-A960C591E880}.Release|Any CPU.ActiveCfg = Release|Any CPU
		{50ACFC71-4A7A-42C3-A4D2-A960C591E880}.Release|Any CPU.Build.0 = Release|Any CPU
		{745D4798-E1FB-4D5C-9DD1-920CB2D99DB7}.Debug|Any CPU.ActiveCfg = Debug|Any CPU
		{745D4798-E1FB-4D5C-9DD1-920CB2D99DB7}.Debug|Any CPU.Build.0 = Debug|Any CPU
		{745D4798-E1FB-4D5C-9DD1-920CB2D99DB7}.Release|Any CPU.ActiveCfg = Release|Any CPU
		{745D4798-E1FB-4D5C-9DD1-920CB2D99DB7}.Release|Any CPU.Build.0 = Release|Any CPU
		{D29F9A8D-ED15-41FC-BEE0-243E20D0D200}.Debug|Any CPU.ActiveCfg = Debug|Any CPU
		{D29F9A8D-ED15-41FC-BEE0-243E20D0D200}.Debug|Any CPU.Build.0 = Debug|Any CPU
		{D29F9A8D-ED15-41FC-BEE0-243E20D0D200}.Release|Any CPU.ActiveCfg = Release|Any CPU
		{D29F9A8D-ED15-41FC-BEE0-243E20D0D200}.Release|Any CPU.Build.0 = Release|Any CPU
	EndGlobalSection
	GlobalSection(SolutionProperties) = preSolution
		HideSolutionNode = FALSE
	EndGlobalSection
EndGlobal
