
Microsoft Visual Studio Solution File, Format Version 12.00
# Visual Studio 14
VisualStudioVersion = 14.0.25123.0
MinimumVisualStudioVersion = 10.0.40219.1
Project("{FAE04EC0-301F-11D3-BF4B-00C04F79EFBC}") = "01_DayОfWeek", "01_DayОfWeek\01_DayОfWeek.csproj", "{5334F200-5A28-4BBE-ADB9-B44355E9E58B}"
EndProject
Project("{FAE04EC0-301F-11D3-BF4B-00C04F79EFBC}") = "02_ReverseArrayOfIntegers", "02_ReverseArrayOfIntegers\02_ReverseArrayOfIntegers.csproj", "{672232D9-B89A-4F56-9403-6BA55D6119DE}"
EndProject
Project("{FAE04EC0-301F-11D3-BF4B-00C04F79EFBC}") = "03_SumMinMaxFirstLastAverage", "03_SumMinMaxFirstLastAverage\03_SumMinMaxFirstLastAverage.csproj", "{87B7780E-EAFD-4855-9517-2DC1CF47517D}"
EndProject
Project("{FAE04EC0-301F-11D3-BF4B-00C04F79EFBC}") = "04_LastKNumbersSumsSequence", "04_LastKNumbersSumsSequence\04_LastKNumbersSumsSequence.csproj", "{8E34E9BD-B768-4C50-AEDC-D37380706EB4}"
EndProject
Project("{FAE04EC0-301F-11D3-BF4B-00C04F79EFBC}") = "05_TripleSum", "05_TripleSum\05_TripleSum.csproj", "{4DD8C778-E8FD-4C27-A0D0-E42BF4284D8F}"
EndProject
Project("{FAE04EC0-301F-11D3-BF4B-00C04F79EFBC}") = "06_RoundingNumbersAwayFromZero", "06_RoundingNumbersAwayFromZero\06_RoundingNumbersAwayFromZero.csproj", "{9216410E-02BC-4C84-AD2E-BC1F43D6148E}"
EndProject
Project("{FAE04EC0-301F-11D3-BF4B-00C04F79EFBC}") = "07_ReverseArrayОfStrings", "07_ReverseArrayОfStrings\07_ReverseArrayОfStrings.csproj", "{501398C8-5FDD-4D6D-B1AB-B04E0C014684}"
EndProject
Global
	GlobalSection(SolutionConfigurationPlatforms) = preSolution
		Debug|Any CPU = Debug|Any CPU
		Release|Any CPU = Release|Any CPU
	EndGlobalSection
	GlobalSection(ProjectConfigurationPlatforms) = postSolution
		{5334F200-5A28-4BBE-ADB9-B44355E9E58B}.Debug|Any CPU.ActiveCfg = Debug|Any CPU
		{5334F200-5A28-4BBE-ADB9-B44355E9E58B}.Debug|Any CPU.Build.0 = Debug|Any CPU
		{5334F200-5A28-4BBE-ADB9-B44355E9E58B}.Release|Any CPU.ActiveCfg = Release|Any CPU
		{5334F200-5A28-4BBE-ADB9-B44355E9E58B}.Release|Any CPU.Build.0 = Release|Any CPU
		{672232D9-B89A-4F56-9403-6BA55D6119DE}.Debug|Any CPU.ActiveCfg = Debug|Any CPU
		{672232D9-B89A-4F56-9403-6BA55D6119DE}.Debug|Any CPU.Build.0 = Debug|Any CPU
		{672232D9-B89A-4F56-9403-6BA55D6119DE}.Release|Any CPU.ActiveCfg = Release|Any CPU
		{672232D9-B89A-4F56-9403-6BA55D6119DE}.Release|Any CPU.Build.0 = Release|Any CPU
		{87B7780E-EAFD-4855-9517-2DC1CF47517D}.Debug|Any CPU.ActiveCfg = Debug|Any CPU
		{87B7780E-EAFD-4855-9517-2DC1CF47517D}.Debug|Any CPU.Build.0 = Debug|Any CPU
		{87B7780E-EAFD-4855-9517-2DC1CF47517D}.Release|Any CPU.ActiveCfg = Release|Any CPU
		{87B7780E-EAFD-4855-9517-2DC1CF47517D}.Release|Any CPU.Build.0 = Release|Any CPU
		{8E34E9BD-B768-4C50-AEDC-D37380706EB4}.Debug|Any CPU.ActiveCfg = Debug|Any CPU
		{8E34E9BD-B768-4C50-AEDC-D37380706EB4}.Debug|Any CPU.Build.0 = Debug|Any CPU
		{8E34E9BD-B768-4C50-AEDC-D37380706EB4}.Release|Any CPU.ActiveCfg = Release|Any CPU
		{8E34E9BD-B768-4C50-AEDC-D37380706EB4}.Release|Any CPU.Build.0 = Release|Any CPU
		{4DD8C778-E8FD-4C27-A0D0-E42BF4284D8F}.Debug|Any CPU.ActiveCfg = Debug|Any CPU
		{4DD8C778-E8FD-4C27-A0D0-E42BF4284D8F}.Debug|Any CPU.Build.0 = Debug|Any CPU
		{4DD8C778-E8FD-4C27-A0D0-E42BF4284D8F}.Release|Any CPU.ActiveCfg = Release|Any CPU
		{4DD8C778-E8FD-4C27-A0D0-E42BF4284D8F}.Release|Any CPU.Build.0 = Release|Any CPU
		{9216410E-02BC-4C84-AD2E-BC1F43D6148E}.Debug|Any CPU.ActiveCfg = Debug|Any CPU
		{9216410E-02BC-4C84-AD2E-BC1F43D6148E}.Debug|Any CPU.Build.0 = Debug|Any CPU
		{9216410E-02BC-4C84-AD2E-BC1F43D6148E}.Release|Any CPU.ActiveCfg = Release|Any CPU
		{9216410E-02BC-4C84-AD2E-BC1F43D6148E}.Release|Any CPU.Build.0 = Release|Any CPU
		{501398C8-5FDD-4D6D-B1AB-B04E0C014684}.Debug|Any CPU.ActiveCfg = Debug|Any CPU
		{501398C8-5FDD-4D6D-B1AB-B04E0C014684}.Debug|Any CPU.Build.0 = Debug|Any CPU
		{501398C8-5FDD-4D6D-B1AB-B04E0C014684}.Release|Any CPU.ActiveCfg = Release|Any CPU
		{501398C8-5FDD-4D6D-B1AB-B04E0C014684}.Release|Any CPU.Build.0 = Release|Any CPU
	EndGlobalSection
	GlobalSection(SolutionProperties) = preSolution
		HideSolutionNode = FALSE
	EndGlobalSection
EndGlobal
