
Microsoft Visual Studio Solution File, Format Version 12.00
# Visual Studio 14
VisualStudioVersion = 14.0.25123.0
MinimumVisualStudioVersion = 10.0.40219.1
Project("{FAE04EC0-301F-11D3-BF4B-00C04F79EFBC}") = "01_RemoveNegativeAndReverse", "01_RemoveNegativeAndReverse\01_RemoveNegativeAndReverse.csproj", "{766B9D18-41BE-4A8F-9694-156DC39B5CEB}"
EndProject
Project("{FAE04EC0-301F-11D3-BF4B-00C04F79EFBC}") = "02_AppendLists", "02_AppendLists\02_AppendLists.csproj", "{83BB6DB8-6024-4D68-827B-3F7469E7CB5B}"
EndProject
Project("{FAE04EC0-301F-11D3-BF4B-00C04F79EFBC}") = "03_SumAdjacentEqualNumbers", "03_SumAdjacentEqualNumbers\03_SumAdjacentEqualNumbers.csproj", "{8B241CD4-12D6-47B7-B374-C3B9C8C6A885}"
EndProject
Project("{FAE04EC0-301F-11D3-BF4B-00C04F79EFBC}") = "04_SplitByWordCasing", "04_SplitByWordCasing\04_SplitByWordCasing.csproj", "{8AC2602D-BB33-4373-9ABD-34D40F6CCD5F}"
EndProject
Project("{FAE04EC0-301F-11D3-BF4B-00C04F79EFBC}") = "05_SortNumbers", "05_SortNumbers\05_SortNumbers.csproj", "{C0371480-27D2-4EFA-A268-0A77AECE0C37}"
EndProject
Project("{FAE04EC0-301F-11D3-BF4B-00C04F79EFBC}") = "06_SquareNumbers", "06_SquareNumbers\06_SquareNumbers.csproj", "{D3E1CB58-850E-45E7-85B6-FEA1D6940134}"
EndProject
Project("{FAE04EC0-301F-11D3-BF4B-00C04F79EFBC}") = "07_CountNumbers", "07_CountNumbers\07_CountNumbers.csproj", "{A8AFED31-9F45-48A5-8C12-CB26949971C3}"
EndProject
Project("{FAE04EC0-301F-11D3-BF4B-00C04F79EFBC}") = "08_BuildMatrixOfLetters", "08_BuildMatrixOfLetters\08_BuildMatrixOfLetters.csproj", "{F434654D-4D42-488A-ABA5-EDB925B71668}"
EndProject
Project("{FAE04EC0-301F-11D3-BF4B-00C04F79EFBC}") = "09_RotateMatrix", "09_RotateMatrix\09_RotateMatrix.csproj", "{02FFE2FE-D4FC-47CA-99D0-EBA33D910D4B}"
EndProject
Project("{FAE04EC0-301F-11D3-BF4B-00C04F79EFBC}") = "10_MaxSequenceOfEqualElements", "10_MaxSequenceOfEqualElements\10_MaxSequenceOfEqualElements.csproj", "{1FD4A5A7-7536-46D5-A3EF-9F6F40542D50}"
EndProject
Global
	GlobalSection(SolutionConfigurationPlatforms) = preSolution
		Debug|Any CPU = Debug|Any CPU
		Release|Any CPU = Release|Any CPU
	EndGlobalSection
	GlobalSection(ProjectConfigurationPlatforms) = postSolution
		{766B9D18-41BE-4A8F-9694-156DC39B5CEB}.Debug|Any CPU.ActiveCfg = Debug|Any CPU
		{766B9D18-41BE-4A8F-9694-156DC39B5CEB}.Debug|Any CPU.Build.0 = Debug|Any CPU
		{766B9D18-41BE-4A8F-9694-156DC39B5CEB}.Release|Any CPU.ActiveCfg = Release|Any CPU
		{766B9D18-41BE-4A8F-9694-156DC39B5CEB}.Release|Any CPU.Build.0 = Release|Any CPU
		{83BB6DB8-6024-4D68-827B-3F7469E7CB5B}.Debug|Any CPU.ActiveCfg = Debug|Any CPU
		{83BB6DB8-6024-4D68-827B-3F7469E7CB5B}.Debug|Any CPU.Build.0 = Debug|Any CPU
		{83BB6DB8-6024-4D68-827B-3F7469E7CB5B}.Release|Any CPU.ActiveCfg = Release|Any CPU
		{83BB6DB8-6024-4D68-827B-3F7469E7CB5B}.Release|Any CPU.Build.0 = Release|Any CPU
		{8B241CD4-12D6-47B7-B374-C3B9C8C6A885}.Debug|Any CPU.ActiveCfg = Debug|Any CPU
		{8B241CD4-12D6-47B7-B374-C3B9C8C6A885}.Debug|Any CPU.Build.0 = Debug|Any CPU
		{8B241CD4-12D6-47B7-B374-C3B9C8C6A885}.Release|Any CPU.ActiveCfg = Release|Any CPU
		{8B241CD4-12D6-47B7-B374-C3B9C8C6A885}.Release|Any CPU.Build.0 = Release|Any CPU
		{8AC2602D-BB33-4373-9ABD-34D40F6CCD5F}.Debug|Any CPU.ActiveCfg = Debug|Any CPU
		{8AC2602D-BB33-4373-9ABD-34D40F6CCD5F}.Debug|Any CPU.Build.0 = Debug|Any CPU
		{8AC2602D-BB33-4373-9ABD-34D40F6CCD5F}.Release|Any CPU.ActiveCfg = Release|Any CPU
		{8AC2602D-BB33-4373-9ABD-34D40F6CCD5F}.Release|Any CPU.Build.0 = Release|Any CPU
		{C0371480-27D2-4EFA-A268-0A77AECE0C37}.Debug|Any CPU.ActiveCfg = Debug|Any CPU
		{C0371480-27D2-4EFA-A268-0A77AECE0C37}.Debug|Any CPU.Build.0 = Debug|Any CPU
		{C0371480-27D2-4EFA-A268-0A77AECE0C37}.Release|Any CPU.ActiveCfg = Release|Any CPU
		{C0371480-27D2-4EFA-A268-0A77AECE0C37}.Release|Any CPU.Build.0 = Release|Any CPU
		{D3E1CB58-850E-45E7-85B6-FEA1D6940134}.Debug|Any CPU.ActiveCfg = Debug|Any CPU
		{D3E1CB58-850E-45E7-85B6-FEA1D6940134}.Debug|Any CPU.Build.0 = Debug|Any CPU
		{D3E1CB58-850E-45E7-85B6-FEA1D6940134}.Release|Any CPU.ActiveCfg = Release|Any CPU
		{D3E1CB58-850E-45E7-85B6-FEA1D6940134}.Release|Any CPU.Build.0 = Release|Any CPU
		{A8AFED31-9F45-48A5-8C12-CB26949971C3}.Debug|Any CPU.ActiveCfg = Debug|Any CPU
		{A8AFED31-9F45-48A5-8C12-CB26949971C3}.Debug|Any CPU.Build.0 = Debug|Any CPU
		{A8AFED31-9F45-48A5-8C12-CB26949971C3}.Release|Any CPU.ActiveCfg = Release|Any CPU
		{A8AFED31-9F45-48A5-8C12-CB26949971C3}.Release|Any CPU.Build.0 = Release|Any CPU
		{F434654D-4D42-488A-ABA5-EDB925B71668}.Debug|Any CPU.ActiveCfg = Debug|Any CPU
		{F434654D-4D42-488A-ABA5-EDB925B71668}.Debug|Any CPU.Build.0 = Debug|Any CPU
		{F434654D-4D42-488A-ABA5-EDB925B71668}.Release|Any CPU.ActiveCfg = Release|Any CPU
		{F434654D-4D42-488A-ABA5-EDB925B71668}.Release|Any CPU.Build.0 = Release|Any CPU
		{02FFE2FE-D4FC-47CA-99D0-EBA33D910D4B}.Debug|Any CPU.ActiveCfg = Debug|Any CPU
		{02FFE2FE-D4FC-47CA-99D0-EBA33D910D4B}.Debug|Any CPU.Build.0 = Debug|Any CPU
		{02FFE2FE-D4FC-47CA-99D0-EBA33D910D4B}.Release|Any CPU.ActiveCfg = Release|Any CPU
		{02FFE2FE-D4FC-47CA-99D0-EBA33D910D4B}.Release|Any CPU.Build.0 = Release|Any CPU
		{1FD4A5A7-7536-46D5-A3EF-9F6F40542D50}.Debug|Any CPU.ActiveCfg = Debug|Any CPU
		{1FD4A5A7-7536-46D5-A3EF-9F6F40542D50}.Debug|Any CPU.Build.0 = Debug|Any CPU
		{1FD4A5A7-7536-46D5-A3EF-9F6F40542D50}.Release|Any CPU.ActiveCfg = Release|Any CPU
		{1FD4A5A7-7536-46D5-A3EF-9F6F40542D50}.Release|Any CPU.Build.0 = Release|Any CPU
	EndGlobalSection
	GlobalSection(SolutionProperties) = preSolution
		HideSolutionNode = FALSE
	EndGlobalSection
EndGlobal
