
Microsoft Visual Studio Solution File, Format Version 12.00
# Visual Studio 14
VisualStudioVersion = 14.0.25123.0
MinimumVisualStudioVersion = 10.0.40219.1
Project("{FAE04EC0-301F-11D3-BF4B-00C04F79EFBC}") = "01_DayOfWeek", "01_DayOfWeek\01_DayOfWeek.csproj", "{5703E328-D612-46FE-BFAD-76686D51734B}"
EndProject
Project("{FAE04EC0-301F-11D3-BF4B-00C04F79EFBC}") = "02_RandomizeWords", "02_RandomizeWords\02_RandomizeWords.csproj", "{79631681-6C0B-4892-9068-F7A34F7F7EBB}"
EndProject
Project("{FAE04EC0-301F-11D3-BF4B-00C04F79EFBC}") = "03_BigFactorial", "03_BigFactorial\03_BigFactorial.csproj", "{14E3730A-D742-4394-B8E5-039013325A47}"
EndProject
Project("{FAE04EC0-301F-11D3-BF4B-00C04F79EFBC}") = "04_DistanceBetweenPoints", "04_DistanceBetweenPoints\04_DistanceBetweenPoints.csproj", "{254F6D61-FBE4-4D07-A818-A49E51D667F1}"
EndProject
Project("{FAE04EC0-301F-11D3-BF4B-00C04F79EFBC}") = "05_ClosestTwoPoints", "05_ClosestTwoPoints\05_ClosestTwoPoints.csproj", "{52E60827-126E-4640-BA0D-C408FB632DB3}"
EndProject
Project("{FAE04EC0-301F-11D3-BF4B-00C04F79EFBC}") = "06_RectanglePosition", "06_RectanglePosition\06_RectanglePosition.csproj", "{40FBEBA5-1772-41E0-B1CC-18C7AFF6A8D0}"
EndProject
Project("{FAE04EC0-301F-11D3-BF4B-00C04F79EFBC}") = "07_SalesReport", "07_SalesReport\07_SalesReport.csproj", "{3B62B4AF-2823-4102-8E69-402DE2F959BB}"
EndProject
Project("{FAE04EC0-301F-11D3-BF4B-00C04F79EFBC}") = "08_CountWorkingDays", "08_CountWorkingDays\08_CountWorkingDays.csproj", "{1FB32F66-7002-48B7-8269-793E655237D5}"
EndProject
Project("{FAE04EC0-301F-11D3-BF4B-00C04F79EFBC}") = "09_AdvertisementMessage", "09_AdvertisementMessage\09_AdvertisementMessage.csproj", "{7D8CDF9B-25DA-4D62-B280-C0C8E65458E4}"
EndProject
Project("{FAE04EC0-301F-11D3-BF4B-00C04F79EFBC}") = "10_IntersectionOfCircles", "10_IntersectionOfCircles\10_IntersectionOfCircles.csproj", "{A5DB463C-803E-4C2B-A108-84CC0A7ABF83}"
EndProject
Project("{FAE04EC0-301F-11D3-BF4B-00C04F79EFBC}") = "11_AverageGrades", "11_AverageGrades\11_AverageGrades.csproj", "{928816D8-9B09-413F-B074-B51A05C99B7E}"
EndProject
Project("{FAE04EC0-301F-11D3-BF4B-00C04F79EFBC}") = "12_BookLibrary", "12_BookLibrary\12_BookLibrary.csproj", "{F43ECB8D-DDCB-4619-8EBF-BA1A49FE5FE4}"
EndProject
Global
	GlobalSection(SolutionConfigurationPlatforms) = preSolution
		Debug|Any CPU = Debug|Any CPU
		Release|Any CPU = Release|Any CPU
	EndGlobalSection
	GlobalSection(ProjectConfigurationPlatforms) = postSolution
		{5703E328-D612-46FE-BFAD-76686D51734B}.Debug|Any CPU.ActiveCfg = Debug|Any CPU
		{5703E328-D612-46FE-BFAD-76686D51734B}.Debug|Any CPU.Build.0 = Debug|Any CPU
		{5703E328-D612-46FE-BFAD-76686D51734B}.Release|Any CPU.ActiveCfg = Release|Any CPU
		{5703E328-D612-46FE-BFAD-76686D51734B}.Release|Any CPU.Build.0 = Release|Any CPU
		{79631681-6C0B-4892-9068-F7A34F7F7EBB}.Debug|Any CPU.ActiveCfg = Debug|Any CPU
		{79631681-6C0B-4892-9068-F7A34F7F7EBB}.Debug|Any CPU.Build.0 = Debug|Any CPU
		{79631681-6C0B-4892-9068-F7A34F7F7EBB}.Release|Any CPU.ActiveCfg = Release|Any CPU
		{79631681-6C0B-4892-9068-F7A34F7F7EBB}.Release|Any CPU.Build.0 = Release|Any CPU
		{14E3730A-D742-4394-B8E5-039013325A47}.Debug|Any CPU.ActiveCfg = Debug|Any CPU
		{14E3730A-D742-4394-B8E5-039013325A47}.Debug|Any CPU.Build.0 = Debug|Any CPU
		{14E3730A-D742-4394-B8E5-039013325A47}.Release|Any CPU.ActiveCfg = Release|Any CPU
		{14E3730A-D742-4394-B8E5-039013325A47}.Release|Any CPU.Build.0 = Release|Any CPU
		{254F6D61-FBE4-4D07-A818-A49E51D667F1}.Debug|Any CPU.ActiveCfg = Debug|Any CPU
		{254F6D61-FBE4-4D07-A818-A49E51D667F1}.Debug|Any CPU.Build.0 = Debug|Any CPU
		{254F6D61-FBE4-4D07-A818-A49E51D667F1}.Release|Any CPU.ActiveCfg = Release|Any CPU
		{254F6D61-FBE4-4D07-A818-A49E51D667F1}.Release|Any CPU.Build.0 = Release|Any CPU
		{52E60827-126E-4640-BA0D-C408FB632DB3}.Debug|Any CPU.ActiveCfg = Debug|Any CPU
		{52E60827-126E-4640-BA0D-C408FB632DB3}.Debug|Any CPU.Build.0 = Debug|Any CPU
		{52E60827-126E-4640-BA0D-C408FB632DB3}.Release|Any CPU.ActiveCfg = Release|Any CPU
		{52E60827-126E-4640-BA0D-C408FB632DB3}.Release|Any CPU.Build.0 = Release|Any CPU
		{40FBEBA5-1772-41E0-B1CC-18C7AFF6A8D0}.Debug|Any CPU.ActiveCfg = Debug|Any CPU
		{40FBEBA5-1772-41E0-B1CC-18C7AFF6A8D0}.Debug|Any CPU.Build.0 = Debug|Any CPU
		{40FBEBA5-1772-41E0-B1CC-18C7AFF6A8D0}.Release|Any CPU.ActiveCfg = Release|Any CPU
		{40FBEBA5-1772-41E0-B1CC-18C7AFF6A8D0}.Release|Any CPU.Build.0 = Release|Any CPU
		{3B62B4AF-2823-4102-8E69-402DE2F959BB}.Debug|Any CPU.ActiveCfg = Debug|Any CPU
		{3B62B4AF-2823-4102-8E69-402DE2F959BB}.Debug|Any CPU.Build.0 = Debug|Any CPU
		{3B62B4AF-2823-4102-8E69-402DE2F959BB}.Release|Any CPU.ActiveCfg = Release|Any CPU
		{3B62B4AF-2823-4102-8E69-402DE2F959BB}.Release|Any CPU.Build.0 = Release|Any CPU
		{1FB32F66-7002-48B7-8269-793E655237D5}.Debug|Any CPU.ActiveCfg = Debug|Any CPU
		{1FB32F66-7002-48B7-8269-793E655237D5}.Debug|Any CPU.Build.0 = Debug|Any CPU
		{1FB32F66-7002-48B7-8269-793E655237D5}.Release|Any CPU.ActiveCfg = Release|Any CPU
		{1FB32F66-7002-48B7-8269-793E655237D5}.Release|Any CPU.Build.0 = Release|Any CPU
		{7D8CDF9B-25DA-4D62-B280-C0C8E65458E4}.Debug|Any CPU.ActiveCfg = Debug|Any CPU
		{7D8CDF9B-25DA-4D62-B280-C0C8E65458E4}.Debug|Any CPU.Build.0 = Debug|Any CPU
		{7D8CDF9B-25DA-4D62-B280-C0C8E65458E4}.Release|Any CPU.ActiveCfg = Release|Any CPU
		{7D8CDF9B-25DA-4D62-B280-C0C8E65458E4}.Release|Any CPU.Build.0 = Release|Any CPU
		{A5DB463C-803E-4C2B-A108-84CC0A7ABF83}.Debug|Any CPU.ActiveCfg = Debug|Any CPU
		{A5DB463C-803E-4C2B-A108-84CC0A7ABF83}.Debug|Any CPU.Build.0 = Debug|Any CPU
		{A5DB463C-803E-4C2B-A108-84CC0A7ABF83}.Release|Any CPU.ActiveCfg = Release|Any CPU
		{A5DB463C-803E-4C2B-A108-84CC0A7ABF83}.Release|Any CPU.Build.0 = Release|Any CPU
		{928816D8-9B09-413F-B074-B51A05C99B7E}.Debug|Any CPU.ActiveCfg = Debug|Any CPU
		{928816D8-9B09-413F-B074-B51A05C99B7E}.Debug|Any CPU.Build.0 = Debug|Any CPU
		{928816D8-9B09-413F-B074-B51A05C99B7E}.Release|Any CPU.ActiveCfg = Release|Any CPU
		{928816D8-9B09-413F-B074-B51A05C99B7E}.Release|Any CPU.Build.0 = Release|Any CPU
		{F43ECB8D-DDCB-4619-8EBF-BA1A49FE5FE4}.Debug|Any CPU.ActiveCfg = Debug|Any CPU
		{F43ECB8D-DDCB-4619-8EBF-BA1A49FE5FE4}.Debug|Any CPU.Build.0 = Debug|Any CPU
		{F43ECB8D-DDCB-4619-8EBF-BA1A49FE5FE4}.Release|Any CPU.ActiveCfg = Release|Any CPU
		{F43ECB8D-DDCB-4619-8EBF-BA1A49FE5FE4}.Release|Any CPU.Build.0 = Release|Any CPU
	EndGlobalSection
	GlobalSection(SolutionProperties) = preSolution
		HideSolutionNode = FALSE
	EndGlobalSection
EndGlobal
